
Microsoft Visual Studio Solution File, Format Version 12.00
# Visual Studio Version 17
VisualStudioVersion = 17.2.32630.192
MinimumVisualStudioVersion = 10.0.40219.1
Project("{9A19103F-16F7-4668-BE54-9A1E7A4F7556}") = "BlogProject.Core", "BlogProject.Core\BlogProject.Core.csproj", "{CD0CE484-752C-40DC-AEFB-20B697B6F58C}"
EndProject
Project("{9A19103F-16F7-4668-BE54-9A1E7A4F7556}") = "BlogProject.Repository", "BlogProject.Repository\BlogProject.Repository.csproj", "{1929180D-9227-4983-A95E-01A67A6A99B3}"
EndProject
Project("{9A19103F-16F7-4668-BE54-9A1E7A4F7556}") = "BlogProject.Service", "BlogProject.Service\BlogProject.Service.csproj", "{B668CA0B-F4E7-44A5-B7A7-F9F6041FF301}"
EndProject
Project("{9A19103F-16F7-4668-BE54-9A1E7A4F7556}") = "BlogProject.Caching", "BlogProject.Caching\BlogProject.Caching.csproj", "{9FC87A76-C62C-4B97-BC54-4697B9934311}"
EndProject
Project("{FAE04EC0-301F-11D3-BF4B-00C04F79EFBC}") = "BlogProject.Web", "BlogProject.Web\BlogProject.Web.csproj", "{0C17A10F-B8D7-42D9-862C-CDF231B71D31}"
EndProject
Global
	GlobalSection(SolutionConfigurationPlatforms) = preSolution
		Debug|Any CPU = Debug|Any CPU
		Release|Any CPU = Release|Any CPU
	EndGlobalSection
	GlobalSection(ProjectConfigurationPlatforms) = postSolution
		{CD0CE484-752C-40DC-AEFB-20B697B6F58C}.Debug|Any CPU.ActiveCfg = Debug|Any CPU
		{CD0CE484-752C-40DC-AEFB-20B697B6F58C}.Debug|Any CPU.Build.0 = Debug|Any CPU
		{CD0CE484-752C-40DC-AEFB-20B697B6F58C}.Release|Any CPU.ActiveCfg = Release|Any CPU
		{CD0CE484-752C-40DC-AEFB-20B697B6F58C}.Release|Any CPU.Build.0 = Release|Any CPU
		{1929180D-9227-4983-A95E-01A67A6A99B3}.Debug|Any CPU.ActiveCfg = Debug|Any CPU
		{1929180D-9227-4983-A95E-01A67A6A99B3}.Debug|Any CPU.Build.0 = Debug|Any CPU
		{1929180D-9227-4983-A95E-01A67A6A99B3}.Release|Any CPU.ActiveCfg = Release|Any CPU
		{1929180D-9227-4983-A95E-01A67A6A99B3}.Release|Any CPU.Build.0 = Release|Any CPU
		{B668CA0B-F4E7-44A5-B7A7-F9F6041FF301}.Debug|Any CPU.ActiveCfg = Debug|Any CPU
		{B668CA0B-F4E7-44A5-B7A7-F9F6041FF301}.Debug|Any CPU.Build.0 = Debug|Any CPU
		{B668CA0B-F4E7-44A5-B7A7-F9F6041FF301}.Release|Any CPU.ActiveCfg = Release|Any CPU
		{B668CA0B-F4E7-44A5-B7A7-F9F6041FF301}.Release|Any CPU.Build.0 = Release|Any CPU
		{9FC87A76-C62C-4B97-BC54-4697B9934311}.Debug|Any CPU.ActiveCfg = Debug|Any CPU
		{9FC87A76-C62C-4B97-BC54-4697B9934311}.Debug|Any CPU.Build.0 = Debug|Any CPU
		{9FC87A76-C62C-4B97-BC54-4697B9934311}.Release|Any CPU.ActiveCfg = Release|Any CPU
		{9FC87A76-C62C-4B97-BC54-4697B9934311}.Release|Any CPU.Build.0 = Release|Any CPU
		{0C17A10F-B8D7-42D9-862C-CDF231B71D31}.Debug|Any CPU.ActiveCfg = Debug|Any CPU
		{0C17A10F-B8D7-42D9-862C-CDF231B71D31}.Debug|Any CPU.Build.0 = Debug|Any CPU
		{0C17A10F-B8D7-42D9-862C-CDF231B71D31}.Release|Any CPU.ActiveCfg = Release|Any CPU
		{0C17A10F-B8D7-42D9-862C-CDF231B71D31}.Release|Any CPU.Build.0 = Release|Any CPU
	EndGlobalSection
	GlobalSection(SolutionProperties) = preSolution
		HideSolutionNode = FALSE
	EndGlobalSection
	GlobalSection(ExtensibilityGlobals) = postSolution
		SolutionGuid = {0F9ABD64-F392-4BE7-B28E-8D163EFDFD9F}
	EndGlobalSection
EndGlobal
